
Microsoft Visual Studio Solution File, Format Version 12.00
# Visual Studio Version 16
VisualStudioVersion = 16.0.30523.141
MinimumVisualStudioVersion = 10.0.40219.1
Project("{FAE04EC0-301F-11D3-BF4B-00C04F79EFBC}") = "LearningDocker1", "LearningDocker1.csproj", "{A20F773C-9B9B-41C8-95B2-C356081AAC2E}"
EndProject
Global
	GlobalSection(SolutionConfigurationPlatforms) = preSolution
		Debug|Any CPU = Debug|Any CPU
		Release|Any CPU = Release|Any CPU
	EndGlobalSection
	GlobalSection(ProjectConfigurationPlatforms) = postSolution
		{A20F773C-9B9B-41C8-95B2-C356081AAC2E}.Debug|Any CPU.ActiveCfg = Debug|Any CPU
		{A20F773C-9B9B-41C8-95B2-C356081AAC2E}.Debug|Any CPU.Build.0 = Debug|Any CPU
		{A20F773C-9B9B-41C8-95B2-C356081AAC2E}.Release|Any CPU.ActiveCfg = Release|Any CPU
		{A20F773C-9B9B-41C8-95B2-C356081AAC2E}.Release|Any CPU.Build.0 = Release|Any CPU
	EndGlobalSection
	GlobalSection(SolutionProperties) = preSolution
		HideSolutionNode = FALSE
	EndGlobalSection
	GlobalSection(ExtensibilityGlobals) = postSolution
		SolutionGuid = {FA883782-64DD-4004-96E9-6BA73A22B08A}
	EndGlobalSection
EndGlobal
